
Microsoft Visual Studio Solution File, Format Version 12.00
# Visual Studio 15
VisualStudioVersion = 15.0.28010.2016
MinimumVisualStudioVersion = 10.0.40219.1
Project("{2150E333-8FDC-42A3-9474-1A3956D46DE8}") = "src", "src", "{902C56F2-6CA1-4FE4-B90B-DA78786CFC55}"
EndProject
Project("{9A19103F-16F7-4668-BE54-9A1E7A4F7556}") = "RouteBuilder.Application", "src\RouteBuilder.Application\RouteBuilder.Application.csproj", "{ED71FC9C-F223-456E-9AFE-4D761323619C}"
EndProject
Project("{2150E333-8FDC-42A3-9474-1A3956D46DE8}") = "test", "test", "{5BA3E38C-66D9-4412-8154-A80EDBDCBAEC}"
EndProject
Project("{2150E333-8FDC-42A3-9474-1A3956D46DE8}") = "sql", "sql", "{137FD54F-E7A6-44DC-836D-2E103B0495AC}"
EndProject
Project("{00D1A9C2-B5F0-4AF3-8072-F6C62B433612}") = "RouteBuilder.DB", "sql\RouteBuilder.DB\RouteBuilder.DB.sqlproj", "{906116AA-8B3A-47E2-8B40-60E4A8351215}"
EndProject
Project("{9A19103F-16F7-4668-BE54-9A1E7A4F7556}") = "RouteBuilder.Data", "src\RouteBuilder.Data\RouteBuilder.Data.csproj", "{1D5C49DD-72A0-408A-B986-829A025CF060}"
EndProject
Project("{2150E333-8FDC-42A3-9474-1A3956D46DE8}") = "tools", "tools", "{2C5E27B4-E6C7-4052-BA96-1BD6742277DD}"
EndProject
Project("{9A19103F-16F7-4668-BE54-9A1E7A4F7556}") = "RouteBuilder.Core", "src\RouteBuilder.Core\RouteBuilder.Core.csproj", "{DF9ADF34-8C38-4CF6-84A9-A6131A2CD11B}"
EndProject
Project("{9A19103F-16F7-4668-BE54-9A1E7A4F7556}") = "RouteBuilder.UI", "src\RouteBuilder.UI\RouteBuilder.UI.csproj", "{BBA34D5E-B86D-42ED-9BC7-93456647736C}"
EndProject
Project("{2150E333-8FDC-42A3-9474-1A3956D46DE8}") = "migration", "migration", "{852D0828-8226-44C5-91F7-D70B90E4987D}"
EndProject
Project("{9A19103F-16F7-4668-BE54-9A1E7A4F7556}") = "RouteBuilder.Data.SqliteMigrator", "tools\migration\RouteBuilder.Data.SqliteMigrator\RouteBuilder.Data.SqliteMigrator.csproj", "{E19EF379-9CF5-431A-BC34-405A855EEB9C}"
EndProject
Project("{9A19103F-16F7-4668-BE54-9A1E7A4F7556}") = "RouteBuilder.Tests", "test\RouteBuilder.Tests\RouteBuilder.Tests.csproj", "{A1167535-A440-4C65-9C82-F36D39E2C4E4}"
EndProject
Project("{9A19103F-16F7-4668-BE54-9A1E7A4F7556}") = "RouteBuilder.Data.Tests", "test\RouteBuilder.Data.Tests\RouteBuilder.Data.Tests.csproj", "{AE9C018E-C70A-452A-9790-59F37E8CD93B}"
EndProject
Project("{FAE04EC0-301F-11D3-BF4B-00C04F79EFBC}") = "RouteBuilder.Data.Sql", "src\RouteBuilder.Data.Sql\RouteBuilder.Data.Sql.csproj", "{8EE2E3CC-47E4-4FBE-9CA4-924E74E57D34}"
EndProject
Project("{FAE04EC0-301F-11D3-BF4B-00C04F79EFBC}") = "RouteBuilder.Data.Sqlite", "src\RouteBuilder.Data.Sqlite\RouteBuilder.Data.Sqlite.csproj", "{F9E802B0-31CF-43A9-8FA3-AF90E78FEC62}"
EndProject
Global
	GlobalSection(SolutionConfigurationPlatforms) = preSolution
		Debug|Any CPU = Debug|Any CPU
		Release|Any CPU = Release|Any CPU
	EndGlobalSection
	GlobalSection(ProjectConfigurationPlatforms) = postSolution
		{ED71FC9C-F223-456E-9AFE-4D761323619C}.Debug|Any CPU.ActiveCfg = Debug|Any CPU
		{ED71FC9C-F223-456E-9AFE-4D761323619C}.Debug|Any CPU.Build.0 = Debug|Any CPU
		{ED71FC9C-F223-456E-9AFE-4D761323619C}.Release|Any CPU.ActiveCfg = Release|Any CPU
		{ED71FC9C-F223-456E-9AFE-4D761323619C}.Release|Any CPU.Build.0 = Release|Any CPU
		{906116AA-8B3A-47E2-8B40-60E4A8351215}.Debug|Any CPU.ActiveCfg = Debug|Any CPU
		{906116AA-8B3A-47E2-8B40-60E4A8351215}.Debug|Any CPU.Build.0 = Debug|Any CPU
		{906116AA-8B3A-47E2-8B40-60E4A8351215}.Debug|Any CPU.Deploy.0 = Debug|Any CPU
		{906116AA-8B3A-47E2-8B40-60E4A8351215}.Release|Any CPU.ActiveCfg = Release|Any CPU
		{906116AA-8B3A-47E2-8B40-60E4A8351215}.Release|Any CPU.Build.0 = Release|Any CPU
		{906116AA-8B3A-47E2-8B40-60E4A8351215}.Release|Any CPU.Deploy.0 = Release|Any CPU
		{1D5C49DD-72A0-408A-B986-829A025CF060}.Debug|Any CPU.ActiveCfg = Debug|Any CPU
		{1D5C49DD-72A0-408A-B986-829A025CF060}.Debug|Any CPU.Build.0 = Debug|Any CPU
		{1D5C49DD-72A0-408A-B986-829A025CF060}.Release|Any CPU.ActiveCfg = Release|Any CPU
		{1D5C49DD-72A0-408A-B986-829A025CF060}.Release|Any CPU.Build.0 = Release|Any CPU
		{DF9ADF34-8C38-4CF6-84A9-A6131A2CD11B}.Debug|Any CPU.ActiveCfg = Debug|Any CPU
		{DF9ADF34-8C38-4CF6-84A9-A6131A2CD11B}.Debug|Any CPU.Build.0 = Debug|Any CPU
		{DF9ADF34-8C38-4CF6-84A9-A6131A2CD11B}.Release|Any CPU.ActiveCfg = Release|Any CPU
		{DF9ADF34-8C38-4CF6-84A9-A6131A2CD11B}.Release|Any CPU.Build.0 = Release|Any CPU
		{BBA34D5E-B86D-42ED-9BC7-93456647736C}.Debug|Any CPU.ActiveCfg = Debug|Any CPU
		{BBA34D5E-B86D-42ED-9BC7-93456647736C}.Debug|Any CPU.Build.0 = Debug|Any CPU
		{BBA34D5E-B86D-42ED-9BC7-93456647736C}.Release|Any CPU.ActiveCfg = Release|Any CPU
		{BBA34D5E-B86D-42ED-9BC7-93456647736C}.Release|Any CPU.Build.0 = Release|Any CPU
		{E19EF379-9CF5-431A-BC34-405A855EEB9C}.Debug|Any CPU.ActiveCfg = Debug|Any CPU
		{E19EF379-9CF5-431A-BC34-405A855EEB9C}.Debug|Any CPU.Build.0 = Debug|Any CPU
		{E19EF379-9CF5-431A-BC34-405A855EEB9C}.Release|Any CPU.ActiveCfg = Release|Any CPU
		{E19EF379-9CF5-431A-BC34-405A855EEB9C}.Release|Any CPU.Build.0 = Release|Any CPU
		{A1167535-A440-4C65-9C82-F36D39E2C4E4}.Debug|Any CPU.ActiveCfg = Debug|Any CPU
		{A1167535-A440-4C65-9C82-F36D39E2C4E4}.Debug|Any CPU.Build.0 = Debug|Any CPU
		{A1167535-A440-4C65-9C82-F36D39E2C4E4}.Release|Any CPU.ActiveCfg = Release|Any CPU
		{A1167535-A440-4C65-9C82-F36D39E2C4E4}.Release|Any CPU.Build.0 = Release|Any CPU
		{AE9C018E-C70A-452A-9790-59F37E8CD93B}.Debug|Any CPU.ActiveCfg = Debug|Any CPU
		{AE9C018E-C70A-452A-9790-59F37E8CD93B}.Debug|Any CPU.Build.0 = Debug|Any CPU
		{AE9C018E-C70A-452A-9790-59F37E8CD93B}.Release|Any CPU.ActiveCfg = Release|Any CPU
		{AE9C018E-C70A-452A-9790-59F37E8CD93B}.Release|Any CPU.Build.0 = Release|Any CPU
		{8EE2E3CC-47E4-4FBE-9CA4-924E74E57D34}.Debug|Any CPU.ActiveCfg = Debug|Any CPU
		{8EE2E3CC-47E4-4FBE-9CA4-924E74E57D34}.Debug|Any CPU.Build.0 = Debug|Any CPU
		{8EE2E3CC-47E4-4FBE-9CA4-924E74E57D34}.Release|Any CPU.ActiveCfg = Release|Any CPU
		{8EE2E3CC-47E4-4FBE-9CA4-924E74E57D34}.Release|Any CPU.Build.0 = Release|Any CPU
		{F9E802B0-31CF-43A9-8FA3-AF90E78FEC62}.Debug|Any CPU.ActiveCfg = Debug|Any CPU
		{F9E802B0-31CF-43A9-8FA3-AF90E78FEC62}.Debug|Any CPU.Build.0 = Debug|Any CPU
		{F9E802B0-31CF-43A9-8FA3-AF90E78FEC62}.Release|Any CPU.ActiveCfg = Release|Any CPU
		{F9E802B0-31CF-43A9-8FA3-AF90E78FEC62}.Release|Any CPU.Build.0 = Release|Any CPU
	EndGlobalSection
	GlobalSection(SolutionProperties) = preSolution
		HideSolutionNode = FALSE
	EndGlobalSection
	GlobalSection(NestedProjects) = preSolution
		{ED71FC9C-F223-456E-9AFE-4D761323619C} = {902C56F2-6CA1-4FE4-B90B-DA78786CFC55}
		{906116AA-8B3A-47E2-8B40-60E4A8351215} = {137FD54F-E7A6-44DC-836D-2E103B0495AC}
		{1D5C49DD-72A0-408A-B986-829A025CF060} = {902C56F2-6CA1-4FE4-B90B-DA78786CFC55}
		{DF9ADF34-8C38-4CF6-84A9-A6131A2CD11B} = {902C56F2-6CA1-4FE4-B90B-DA78786CFC55}
		{BBA34D5E-B86D-42ED-9BC7-93456647736C} = {902C56F2-6CA1-4FE4-B90B-DA78786CFC55}
		{852D0828-8226-44C5-91F7-D70B90E4987D} = {2C5E27B4-E6C7-4052-BA96-1BD6742277DD}
		{E19EF379-9CF5-431A-BC34-405A855EEB9C} = {852D0828-8226-44C5-91F7-D70B90E4987D}
		{A1167535-A440-4C65-9C82-F36D39E2C4E4} = {5BA3E38C-66D9-4412-8154-A80EDBDCBAEC}
		{AE9C018E-C70A-452A-9790-59F37E8CD93B} = {5BA3E38C-66D9-4412-8154-A80EDBDCBAEC}
		{8EE2E3CC-47E4-4FBE-9CA4-924E74E57D34} = {902C56F2-6CA1-4FE4-B90B-DA78786CFC55}
		{F9E802B0-31CF-43A9-8FA3-AF90E78FEC62} = {902C56F2-6CA1-4FE4-B90B-DA78786CFC55}
	EndGlobalSection
	GlobalSection(ExtensibilityGlobals) = postSolution
		SolutionGuid = {8E9F58DC-F501-4867-BCE8-98559C41CA31}
	EndGlobalSection
EndGlobal
